
Microsoft Visual Studio Solution File, Format Version 12.00
# Visual Studio Version 16
VisualStudioVersion = 16.0.29324.140
MinimumVisualStudioVersion = 10.0.40219.1
Project("{FAE04EC0-301F-11D3-BF4B-00C04F79EFBC}") = "ChinookApi", "ChinookApi\ChinookApi.csproj", "{FC7CB611-A5B2-476D-8E1B-AB1E1350AF72}"
EndProject
Project("{FAE04EC0-301F-11D3-BF4B-00C04F79EFBC}") = "Chinook.Data", "Chinook.Data\Chinook.Data.csproj", "{2F4297A4-5DD0-4A3A-B500-46A1E16FC9F0}"
EndProject
Project("{FAE04EC0-301F-11D3-BF4B-00C04F79EFBC}") = "Chinook.ConsoleTest", "Chinook.ConsoleTest\Chinook.ConsoleTest.csproj", "{B74AD6BC-9672-450B-87A1-F735D6C9A59F}"
EndProject
Global
	GlobalSection(SolutionConfigurationPlatforms) = preSolution
		Debug|Any CPU = Debug|Any CPU
		Release|Any CPU = Release|Any CPU
	EndGlobalSection
	GlobalSection(ProjectConfigurationPlatforms) = postSolution
		{FC7CB611-A5B2-476D-8E1B-AB1E1350AF72}.Debug|Any CPU.ActiveCfg = Debug|Any CPU
		{FC7CB611-A5B2-476D-8E1B-AB1E1350AF72}.Debug|Any CPU.Build.0 = Debug|Any CPU
		{FC7CB611-A5B2-476D-8E1B-AB1E1350AF72}.Release|Any CPU.ActiveCfg = Release|Any CPU
		{FC7CB611-A5B2-476D-8E1B-AB1E1350AF72}.Release|Any CPU.Build.0 = Release|Any CPU
		{2F4297A4-5DD0-4A3A-B500-46A1E16FC9F0}.Debug|Any CPU.ActiveCfg = Debug|Any CPU
		{2F4297A4-5DD0-4A3A-B500-46A1E16FC9F0}.Debug|Any CPU.Build.0 = Debug|Any CPU
		{2F4297A4-5DD0-4A3A-B500-46A1E16FC9F0}.Release|Any CPU.ActiveCfg = Release|Any CPU
		{2F4297A4-5DD0-4A3A-B500-46A1E16FC9F0}.Release|Any CPU.Build.0 = Release|Any CPU
		{B74AD6BC-9672-450B-87A1-F735D6C9A59F}.Debug|Any CPU.ActiveCfg = Debug|Any CPU
		{B74AD6BC-9672-450B-87A1-F735D6C9A59F}.Debug|Any CPU.Build.0 = Debug|Any CPU
		{B74AD6BC-9672-450B-87A1-F735D6C9A59F}.Release|Any CPU.ActiveCfg = Release|Any CPU
		{B74AD6BC-9672-450B-87A1-F735D6C9A59F}.Release|Any CPU.Build.0 = Release|Any CPU
	EndGlobalSection
	GlobalSection(SolutionProperties) = preSolution
		HideSolutionNode = FALSE
	EndGlobalSection
	GlobalSection(ExtensibilityGlobals) = postSolution
		SolutionGuid = {5081F6A2-822A-4631-ACC6-4E67250A1F35}
	EndGlobalSection
EndGlobal
